
Microsoft Visual Studio Solution File, Format Version 12.00
# Visual Studio Version 17
VisualStudioVersion = 17.7.34031.279
MinimumVisualStudioVersion = 10.0.40219.1
Project("{FAE04EC0-301F-11D3-BF4B-00C04F79EFBC}") = "UserManagement", "UserManagement\UserManagement.csproj", "{534971BB-9953-4FA3-8424-196D7EB07901}"
EndProject
Global
	GlobalSection(SolutionConfigurationPlatforms) = preSolution
		Debug|Any CPU = Debug|Any CPU
		Release|Any CPU = Release|Any CPU
	EndGlobalSection
	GlobalSection(ProjectConfigurationPlatforms) = postSolution
		{534971BB-9953-4FA3-8424-196D7EB07901}.Debug|Any CPU.ActiveCfg = Debug|Any CPU
		{534971BB-9953-4FA3-8424-196D7EB07901}.Debug|Any CPU.Build.0 = Debug|Any CPU
		{534971BB-9953-4FA3-8424-196D7EB07901}.Release|Any CPU.ActiveCfg = Release|Any CPU
		{534971BB-9953-4FA3-8424-196D7EB07901}.Release|Any CPU.Build.0 = Release|Any CPU
	EndGlobalSection
	GlobalSection(SolutionProperties) = preSolution
		HideSolutionNode = FALSE
	EndGlobalSection
	GlobalSection(ExtensibilityGlobals) = postSolution
		SolutionGuid = {392F747D-9562-42C6-88DA-B76158324635}
	EndGlobalSection
EndGlobal
